
Microsoft Visual Studio Solution File, Format Version 12.00
# Visual Studio Version 16
VisualStudioVersion = 16.0.28803.452
MinimumVisualStudioVersion = 10.0.40219.1
Project("{FAE04EC0-301F-11D3-BF4B-00C04F79EFBC}") = "ProgressBar", "ProgressBar\ProgressBar.csproj", "{5FE92E02-72C6-46D4-9791-E2E47AD6FDEA}"
EndProject
Global
	GlobalSection(SolutionConfigurationPlatforms) = preSolution
		Debug|Any CPU = Debug|Any CPU
		Release|Any CPU = Release|Any CPU
	EndGlobalSection
	GlobalSection(ProjectConfigurationPlatforms) = postSolution
		{5FE92E02-72C6-46D4-9791-E2E47AD6FDEA}.Debug|Any CPU.ActiveCfg = Debug|Any CPU
		{5FE92E02-72C6-46D4-9791-E2E47AD6FDEA}.Debug|Any CPU.Build.0 = Debug|Any CPU
		{5FE92E02-72C6-46D4-9791-E2E47AD6FDEA}.Release|Any CPU.ActiveCfg = Release|Any CPU
		{5FE92E02-72C6-46D4-9791-E2E47AD6FDEA}.Release|Any CPU.Build.0 = Release|Any CPU
	EndGlobalSection
	GlobalSection(SolutionProperties) = preSolution
		HideSolutionNode = FALSE
	EndGlobalSection
	GlobalSection(ExtensibilityGlobals) = postSolution
		SolutionGuid = {CBDC9A1B-C7FC-4420-B9C9-F8114ABF485E}
	EndGlobalSection
EndGlobal
